// !$*UTF8*$!
{
	archiveVersion = 1;
	classes = {
	};
	objectVersion = 50;
	objects = {

/* Begin PBXBuildFile section */
		391FD00026D2427C00CEDADE /* neoApp.swift in Sources */ = {isa = PBXBuildFile; fileRef = 391FCFED26D2427B00CEDADE /* neoApp.swift */; };
		391FD00126D2427C00CEDADE /* neoApp.swift in Sources */ = {isa = PBXBuildFile; fileRef = 391FCFED26D2427B00CEDADE /* neoApp.swift */; };
		391FD00226D2427C00CEDADE /* ContentView.swift in Sources */ = {isa = PBXBuildFile; fileRef = 391FCFEE26D2427B00CEDADE /* ContentView.swift */; };
		391FD00326D2427C00CEDADE /* ContentView.swift in Sources */ = {isa = PBXBuildFile; fileRef = 391FCFEE26D2427B00CEDADE /* ContentView.swift */; };
		391FD00426D2427C00CEDADE /* Assets.xcassets in Resources */ = {isa = PBXBuildFile; fileRef = 391FCFEF26D2427C00CEDADE /* Assets.xcassets */; };
		391FD00526D2427C00CEDADE /* Assets.xcassets in Resources */ = {isa = PBXBuildFile; fileRef = 391FCFEF26D2427C00CEDADE /* Assets.xcassets */; };
/* End PBXBuildFile section */

/* Begin PBXFileReference section */
		391FCFED26D2427B00CEDADE /* neoApp.swift */ = {isa = PBXFileReference; lastKnownFileType = sourcecode.swift; path = neoApp.swift; sourceTree = "<group>"; };
		391FCFEE26D2427B00CEDADE /* ContentView.swift */ = {isa = PBXFileReference; lastKnownFileType = sourcecode.swift; path = ContentView.swift; sourceTree = "<group>"; };
		391FCFEF26D2427C00CEDADE /* Assets.xcassets */ = {isa = PBXFileReference; lastKnownFileType = folder.assetcatalog; path = Assets.xcassets; sourceTree = "<group>"; };
		391FCFF426D2427C00CEDADE /* neo.app */ = {isa = PBXFileReference; explicitFileType = wrapper.application; includeInIndex = 0; path = neo.app; sourceTree = BUILT_PRODUCTS_DIR; };
		391FCFF726D2427C00CEDADE /* Info.plist */ = {isa = PBXFileReference; lastKnownFileType = text.plist.xml; path = Info.plist; sourceTree = "<group>"; };
		391FCFFC26D2427C00CEDADE /* neo.app */ = {isa = PBXFileReference; explicitFileType = wrapper.application; includeInIndex = 0; path = neo.app; sourceTree = BUILT_PRODUCTS_DIR; };
		391FCFFE26D2427C00CEDADE /* Info.plist */ = {isa = PBXFileReference; lastKnownFileType = text.plist.xml; path = Info.plist; sourceTree = "<group>"; };
		391FCFFF26D2427C00CEDADE /* macOS.entitlements */ = {isa = PBXFileReference; lastKnownFileType = text.plist.entitlements; path = macOS.entitlements; sourceTree = "<group>"; };
/* End PBXFileReference section */

/* Begin PBXFrameworksBuildPhase section */
		391FCFF126D2427C00CEDADE /* Frameworks */ = {
			isa = PBXFrameworksBuildPhase;
			buildActionMask = 2147483647;
			files = (
			);
			runOnlyForDeploymentPostprocessing = 0;
		};
		391FCFF926D2427C00CEDADE /* Frameworks */ = {
			isa = PBXFrameworksBuildPhase;
			buildActionMask = 2147483647;
			files = (
			);
			runOnlyForDeploymentPostprocessing = 0;
		};
/* End PBXFrameworksBuildPhase section */

/* Begin PBXGroup section */
		391FCFE726D2427B00CEDADE = {
			isa = PBXGroup;
			children = (
				391FCFEC26D2427B00CEDADE /* Shared */,
				391FCFF626D2427C00CEDADE /* iOS */,
				391FCFFD26D2427C00CEDADE /* macOS */,
				391FCFF526D2427C00CEDADE /* Products */,
			);
			sourceTree = "<group>";
		};
		391FCFEC26D2427B00CEDADE /* Shared */ = {
			isa = PBXGroup;
			children = (
				391FCFED26D2427B00CEDADE /* neoApp.swift */,
				391FCFEE26D2427B00CEDADE /* ContentView.swift */,
				391FCFEF26D2427C00CEDADE /* Assets.xcassets */,
			);
			path = Shared;
			sourceTree = "<group>";
		};
		391FCFF526D2427C00CEDADE /* Products */ = {
			isa = PBXGroup;
			children = (
				391FCFF426D2427C00CEDADE /* neo.app */,
				391FCFFC26D2427C00CEDADE /* neo.app */,
			);
			name = Products;
			sourceTree = "<group>";
		};
		391FCFF626D2427C00CEDADE /* iOS */ = {
			isa = PBXGroup;
			children = (
				391FCFF726D2427C00CEDADE /* Info.plist */,
			);
			path = iOS;
			sourceTree = "<group>";
		};
		391FCFFD26D2427C00CEDADE /* macOS */ = {
			isa = PBXGroup;
			children = (
				391FCFFE26D2427C00CEDADE /* Info.plist */,
				391FCFFF26D2427C00CEDADE /* macOS.entitlements */,
			);
			path = macOS;
			sourceTree = "<group>";
		};
/* End PBXGroup section */

/* Begin PBXNativeTarget section */
		391FCFF326D2427C00CEDADE /* neo (iOS) */ = {
			isa = PBXNativeTarget;
			buildConfigurationList = 391FD00826D2427C00CEDADE /* Build configuration list for PBXNativeTarget "neo (iOS)" */;
			buildPhases = (
				391FCFF026D2427C00CEDADE /* Sources */,
				391FCFF126D2427C00CEDADE /* Frameworks */,
				391FCFF226D2427C00CEDADE /* Resources */,
			);
			buildRules = (
			);
			dependencies = (
			);
			name = "neo (iOS)";
			productName = "neo (iOS)";
			productReference = 391FCFF426D2427C00CEDADE /* neo.app */;
			productType = "com.apple.product-type.application";
		};
		391FCFFB26D2427C00CEDADE /* neo (macOS) */ = {
			isa = PBXNativeTarget;
			buildConfigurationList = 391FD00B26D2427C00CEDADE /* Build configuration list for PBXNativeTarget "neo (macOS)" */;
			buildPhases = (
				391FCFF826D2427C00CEDADE /* Sources */,
				391FCFF926D2427C00CEDADE /* Frameworks */,
				391FCFFA26D2427C00CEDADE /* Resources */,
			);
			buildRules = (
			);
			dependencies = (
			);
			name = "neo (macOS)";
			productName = "neo (macOS)";
			productReference = 391FCFFC26D2427C00CEDADE /* neo.app */;
			productType = "com.apple.product-type.application";
		};
/* End PBXNativeTarget section */

/* Begin PBXProject section */
		391FCFE826D2427B00CEDADE /* Project object */ = {
			isa = PBXProject;
			attributes = {
				LastSwiftUpdateCheck = 1240;
				LastUpgradeCheck = 1240;
				TargetAttributes = {
					391FCFF326D2427C00CEDADE = {
						CreatedOnToolsVersion = 12.4;
					};
					391FCFFB26D2427C00CEDADE = {
						CreatedOnToolsVersion = 12.4;
					};
				};
			};
			buildConfigurationList = 391FCFEB26D2427B00CEDADE /* Build configuration list for PBXProject "neo" */;
			compatibilityVersion = "Xcode 9.3";
			developmentRegion = en;
			hasScannedForEncodings = 0;
			knownRegions = (
				en,
				Base,
			);
			mainGroup = 391FCFE726D2427B00CEDADE;
			productRefGroup = 391FCFF526D2427C00CEDADE /* Products */;
			projectDirPath = "";
			projectRoot = "";
			targets = (
				391FCFF326D2427C00CEDADE /* neo (iOS) */,
				391FCFFB26D2427C00CEDADE /* neo (macOS) */,
			);
		};
/* End PBXProject section */

/* Begin PBXResourcesBuildPhase section */
		391FCFF226D2427C00CEDADE /* Resources */ = {
			isa = PBXResourcesBuildPhase;
			buildActionMask = 2147483647;
			files = (
				391FD00426D2427C00CEDADE /* Assets.xcassets in Resources */,
			);
			runOnlyForDeploymentPostprocessing = 0;
		};
		391FCFFA26D2427C00CEDADE /* Resources */ = {
			isa = PBXResourcesBuildPhase;
			buildActionMask = 2147483647;
			files = (
				391FD00526D2427C00CEDADE /* Assets.xcassets in Resources */,
			);
			runOnlyForDeploymentPostprocessing = 0;
		};
/* End PBXResourcesBuildPhase section */

/* Begin PBXSourcesBuildPhase section */
		391FCFF026D2427C00CEDADE /* Sources */ = {
			isa = PBXSourcesBuildPhase;
			buildActionMask = 2147483647;
			files = (
				391FD00226D2427C00CEDADE /* ContentView.swift in Sources */,
				391FD00026D2427C00CEDADE /* neoApp.swift in Sources */,
			);
			runOnlyForDeploymentPostprocessing = 0;
		};
		391FCFF826D2427C00CEDADE /* Sources */ = {
			isa = PBXSourcesBuildPhase;
			buildActionMask = 2147483647;
			files = (
				391FD00326D2427C00CEDADE /* ContentView.swift in Sources */,
				391FD00126D2427C00CEDADE /* neoApp.swift in Sources */,
			);
			runOnlyForDeploymentPostprocessing = 0;
		};
/* End PBXSourcesBuildPhase section */

/* Begin XCBuildConfiguration section */
		391FD00626D2427C00CEDADE /* Debug */ = {
			isa = XCBuildConfiguration;
			buildSettings = {
				ALWAYS_SEARCH_USER_PATHS = NO;
				CLANG_ANALYZER_NONNULL = YES;
				CLANG_ANALYZER_NUMBER_OBJECT_CONVERSION = YES_AGGRESSIVE;
				CLANG_CXX_LANGUAGE_STANDARD = "gnu++14";
				CLANG_CXX_LIBRARY = "libc++";
				CLANG_ENABLE_MODULES = YES;
				CLANG_ENABLE_OBJC_ARC = YES;
				CLANG_ENABLE_OBJC_WEAK = YES;
				CLANG_WARN_BLOCK_CAPTURE_AUTORELEASING = YES;
				CLANG_WARN_BOOL_CONVERSION = YES;
				CLANG_WARN_COMMA = YES;
				CLANG_WARN_CONSTANT_CONVERSION = YES;
				CLANG_WARN_DEPRECATED_OBJC_IMPLEMENTATIONS = YES;
				CLANG_WARN_DIRECT_OBJC_ISA_USAGE = YES_ERROR;
				CLANG_WARN_DOCUMENTATION_COMMENTS = YES;
				CLANG_WARN_EMPTY_BODY = YES;
				CLANG_WARN_ENUM_CONVERSION = YES;
				CLANG_WARN_INFINITE_RECURSION = YES;
				CLANG_WARN_INT_CONVERSION = YES;
				CLANG_WARN_NON_LITERAL_NULL_CONVERSION = YES;
				CLANG_WARN_OBJC_IMPLICIT_RETAIN_SELF = YES;
				CLANG_WARN_OBJC_LITERAL_CONVERSION = YES;
				CLANG_WARN_OBJC_ROOT_CLASS = YES_ERROR;
				CLANG_WARN_QUOTED_INCLUDE_IN_FRAMEWORK_HEADER = YES;
				CLANG_WARN_RANGE_LOOP_ANALYSIS = YES;
				CLANG_WARN_STRICT_PROTOTYPES = YES;
				CLANG_WARN_SUSPICIOUS_MOVE = YES;
				CLANG_WARN_UNGUARDED_AVAILABILITY = YES_AGGRESSIVE;
				CLANG_WARN_UNREACHABLE_CODE = YES;
				CLANG_WARN__DUPLICATE_METHOD_MATCH = YES;
				COPY_PHASE_STRIP = NO;
				DEBUG_INFORMATION_FORMAT = dwarf;
				ENABLE_STRICT_OBJC_MSGSEND = YES;
				ENABLE_TESTABILITY = YES;
				GCC_C_LANGUAGE_STANDARD = gnu11;
				GCC_DYNAMIC_NO_PIC = NO;
				GCC_NO_COMMON_BLOCKS = YES;
				GCC_OPTIMIZATION_LEVEL = 0;
				GCC_PREPROCESSOR_DEFINITIONS = (
					"DEBUG=1",
					"$(inherited)",
				);
				GCC_WARN_64_TO_32_BIT_CONVERSION = YES;
				GCC_WARN_ABOUT_RETURN_TYPE = YES_ERROR;
				GCC_WARN_UNDECLARED_SELECTOR = YES;
				GCC_WARN_UNINITIALIZED_AUTOS = YES_AGGRESSIVE;
				GCC_WARN_UNUSED_FUNCTION = YES;
				GCC_WARN_UNUSED_VARIABLE = YES;
				MTL_ENABLE_DEBUG_INFO = INCLUDE_SOURCE;
				MTL_FAST_MATH = YES;
				ONLY_ACTIVE_ARCH = YES;
				SWIFT_ACTIVE_COMPILATION_CONDITIONS = DEBUG;
				SWIFT_OPTIMIZATION_LEVEL = "-Onone";
			};
			name = Debug;
		};
		391FD00726D2427C00CEDADE /* Release */ = {
			isa = XCBuildConfiguration;
			buildSettings = {
				ALWAYS_SEARCH_USER_PATHS = NO;
				CLANG_ANALYZER_NONNULL = YES;
				CLANG_ANALYZER_NUMBER_OBJECT_CONVERSION = YES_AGGRESSIVE;
				CLANG_CXX_LANGUAGE_STANDARD = "gnu++14";
				CLANG_CXX_LIBRARY = "libc++";
				CLANG_ENABLE_MODULES = YES;
				CLANG_ENABLE_OBJC_ARC = YES;
				CLANG_ENABLE_OBJC_WEAK = YES;
				CLANG_WARN_BLOCK_CAPTURE_AUTORELEASING = YES;
				CLANG_WARN_BOOL_CONVERSION = YES;
				CLANG_WARN_COMMA = YES;
				CLANG_WARN_CONSTANT_CONVERSION = YES;
				CLANG_WARN_DEPRECATED_OBJC_IMPLEMENTATIONS = YES;
				CLANG_WARN_DIRECT_OBJC_ISA_USAGE = YES_ERROR;
				CLANG_WARN_DOCUMENTATION_COMMENTS = YES;
				CLANG_WARN_EMPTY_BODY = YES;
				CLANG_WARN_ENUM_CONVERSION = YES;
				CLANG_WARN_INFINITE_RECURSION = YES;
				CLANG_WARN_INT_CONVERSION = YES;
				CLANG_WARN_NON_LITERAL_NULL_CONVERSION = YES;
				CLANG_WARN_OBJC_IMPLICIT_RETAIN_SELF = YES;
				CLANG_WARN_OBJC_LITERAL_CONVERSION = YES;
				CLANG_WARN_OBJC_ROOT_CLASS = YES_ERROR;
				CLANG_WARN_QUOTED_INCLUDE_IN_FRAMEWORK_HEADER = YES;
				CLANG_WARN_RANGE_LOOP_ANALYSIS = YES;
				CLANG_WARN_STRICT_PROTOTYPES = YES;
				CLANG_WARN_SUSPICIOUS_MOVE = YES;
				CLANG_WARN_UNGUARDED_AVAILABILITY = YES_AGGRESSIVE;
				CLANG_WARN_UNREACHABLE_CODE = YES;
				CLANG_WARN__DUPLICATE_METHOD_MATCH = YES;
				COPY_PHASE_STRIP = NO;
				DEBUG_INFORMATION_FORMAT = "dwarf-with-dsym";
				ENABLE_NS_ASSERTIONS = NO;
				ENABLE_STRICT_OBJC_MSGSEND = YES;
				GCC_C_LANGUAGE_STANDARD = gnu11;
				GCC_NO_COMMON_BLOCKS = YES;
				GCC_WARN_64_TO_32_BIT_CONVERSION = YES;
				GCC_WARN_ABOUT_RETURN_TYPE = YES_ERROR;
				GCC_WARN_UNDECLARED_SELECTOR = YES;
				GCC_WARN_UNINITIALIZED_AUTOS = YES_AGGRESSIVE;
				GCC_WARN_UNUSED_FUNCTION = YES;
				GCC_WARN_UNUSED_VARIABLE = YES;
				MTL_ENABLE_DEBUG_INFO = NO;
				MTL_FAST_MATH = YES;
				SWIFT_COMPILATION_MODE = wholemodule;
				SWIFT_OPTIMIZATION_LEVEL = "-O";
			};
			name = Release;
		};
		391FD00926D2427C00CEDADE /* Debug */ = {
			isa = XCBuildConfiguration;
			buildSettings = {
				ASSETCATALOG_COMPILER_APPICON_NAME = AppIcon;
				ASSETCATALOG_COMPILER_GLOBAL_ACCENT_COLOR_NAME = AccentColor;
				CODE_SIGN_STYLE = Automatic;
				DEVELOPMENT_TEAM = ZC299K3YP8;
				ENABLE_PREVIEWS = YES;
				INFOPLIST_FILE = iOS/Info.plist;
				IPHONEOS_DEPLOYMENT_TARGET = 14.0;
				LD_RUNPATH_SEARCH_PATHS = (
					"$(inherited)",
					"@executable_path/Frameworks",
				);
				PRODUCT_BUNDLE_IDENTIFIER = hardfist.neo;
				PRODUCT_NAME = neo;
				SDKROOT = iphoneos;
				SWIFT_VERSION = 5.0;
				TARGETED_DEVICE_FAMILY = "1,2";
			};
			name = Debug;
		};
		391FD00A26D2427C00CEDADE /* Release */ = {
			isa = XCBuildConfiguration;
			buildSettings = {
				ASSETCATALOG_COMPILER_APPICON_NAME = AppIcon;
				ASSETCATALOG_COMPILER_GLOBAL_ACCENT_COLOR_NAME = AccentColor;
				CODE_SIGN_STYLE = Automatic;
				DEVELOPMENT_TEAM = ZC299K3YP8;
				ENABLE_PREVIEWS = YES;
				INFOPLIST_FILE = iOS/Info.plist;
				IPHONEOS_DEPLOYMENT_TARGET = 14.0;
				LD_RUNPATH_SEARCH_PATHS = (
					"$(inherited)",
					"@executable_path/Frameworks",
				);
				PRODUCT_BUNDLE_IDENTIFIER = hardfist.neo;
				PRODUCT_NAME = neo;
				SDKROOT = iphoneos;
				SWIFT_VERSION = 5.0;
				TARGETED_DEVICE_FAMILY = "1,2";
				VALIDATE_PRODUCT = YES;
			};
			name = Release;
		};
		391FD00C26D2427C00CEDADE /* Debug */ = {
			isa = XCBuildConfiguration;
			buildSettings = {
				ASSETCATALOG_COMPILER_APPICON_NAME = AppIcon;
				ASSETCATALOG_COMPILER_GLOBAL_ACCENT_COLOR_NAME = AccentColor;
				CODE_SIGN_ENTITLEMENTS = macOS/macOS.entitlements;
				CODE_SIGN_STYLE = Automatic;
				COMBINE_HIDPI_IMAGES = YES;
				DEVELOPMENT_TEAM = ZC299K3YP8;
				ENABLE_HARDENED_RUNTIME = YES;
				ENABLE_PREVIEWS = YES;
				INFOPLIST_FILE = macOS/Info.plist;
				LD_RUNPATH_SEARCH_PATHS = (
					"$(inherited)",
					"@executable_path/../Frameworks",
				);
				MACOSX_DEPLOYMENT_TARGET = 11.0;
				PRODUCT_BUNDLE_IDENTIFIER = hardfist.neo;
				PRODUCT_NAME = neo;
				SDKROOT = macosx;
				SWIFT_VERSION = 5.0;
			};
			name = Debug;
		};
		391FD00D26D2427C00CEDADE /* Release */ = {
			isa = XCBuildConfiguration;
			buildSettings = {
				ASSETCATALOG_COMPILER_APPICON_NAME = AppIcon;
				ASSETCATALOG_COMPILER_GLOBAL_ACCENT_COLOR_NAME = AccentColor;
				CODE_SIGN_ENTITLEMENTS = macOS/macOS.entitlements;
				CODE_SIGN_STYLE = Automatic;
				COMBINE_HIDPI_IMAGES = YES;
				DEVELOPMENT_TEAM = ZC299K3YP8;
				ENABLE_HARDENED_RUNTIME = YES;
				ENABLE_PREVIEWS = YES;
				INFOPLIST_FILE = macOS/Info.plist;
				LD_RUNPATH_SEARCH_PATHS = (
					"$(inherited)",
					"@executable_path/../Frameworks",
				);
				MACOSX_DEPLOYMENT_TARGET = 11.0;
				PRODUCT_BUNDLE_IDENTIFIER = hardfist.neo;
				PRODUCT_NAME = neo;
				SDKROOT = macosx;
				SWIFT_VERSION = 5.0;
			};
			name = Release;
		};
/* End XCBuildConfiguration section */

/* Begin XCConfigurationList section */
		391FCFEB26D2427B00CEDADE /* Build configuration list for PBXProject "neo" */ = {
			isa = XCConfigurationList;
			buildConfigurations = (
				391FD00626D2427C00CEDADE /* Debug */,
				391FD00726D2427C00CEDADE /* Release */,
			);
			defaultConfigurationIsVisible = 0;
			defaultConfigurationName = Release;
		};
		391FD00826D2427C00CEDADE /* Build configuration list for PBXNativeTarget "neo (iOS)" */ = {
			isa = XCConfigurationList;
			buildConfigurations = (
				391FD00926D2427C00CEDADE /* Debug */,
				391FD00A26D2427C00CEDADE /* Release */,
			);
			defaultConfigurationIsVisible = 0;
			defaultConfigurationName = Release;
		};
		391FD00B26D2427C00CEDADE /* Build configuration list for PBXNativeTarget "neo (macOS)" */ = {
			isa = XCConfigurationList;
			buildConfigurations = (
				391FD00C26D2427C00CEDADE /* Debug */,
				391FD00D26D2427C00CEDADE /* Release */,
			);
			defaultConfigurationIsVisible = 0;
			defaultConfigurationName = Release;
		};
/* End XCConfigurationList section */
	};
	rootObject = 391FCFE826D2427B00CEDADE /* Project object */;
}
