// !$*UTF8*$!
{
	archiveVersion = 1;
	classes = {
	};
	objectVersion = 50;
	objects = {

/* Begin PBXBuildFile section */
		39D8067A26D771D20097B37D /* cs193App.swift in Sources */ = {isa = PBXBuildFile; fileRef = 39D8067926D771D20097B37D /* cs193App.swift */; };
		39D8067C26D771D20097B37D /* EmojiMemoryGameView.swift in Sources */ = {isa = PBXBuildFile; fileRef = 39D8067B26D771D20097B37D /* EmojiMemoryGameView.swift */; };
		39D8067E26D771D20097B37D /* Assets.xcassets in Resources */ = {isa = PBXBuildFile; fileRef = 39D8067D26D771D20097B37D /* Assets.xcassets */; };
		39D8068126D771D20097B37D /* Preview Assets.xcassets in Resources */ = {isa = PBXBuildFile; fileRef = 39D8068026D771D20097B37D /* Preview Assets.xcassets */; };
		39D8068A26D784CF0097B37D /* MemoryGame.swift in Sources */ = {isa = PBXBuildFile; fileRef = 39D8068926D784CF0097B37D /* MemoryGame.swift */; };
		39D8068E26D7866B0097B37D /* EmojiMemoryGame.swift in Sources */ = {isa = PBXBuildFile; fileRef = 39D8068D26D7866B0097B37D /* EmojiMemoryGame.swift */; };
		39D8069626DA52EC0097B37D /* Grid.swift in Sources */ = {isa = PBXBuildFile; fileRef = 39D8069526DA52EC0097B37D /* Grid.swift */; };
		39D8069926DA574D0097B37D /* GridLayout.swift in Sources */ = {isa = PBXBuildFile; fileRef = 39D8069826DA574D0097B37D /* GridLayout.swift */; };
		39D8069C26DA6A3D0097B37D /* Array+Identifiable.swift in Sources */ = {isa = PBXBuildFile; fileRef = 39D8069B26DA6A3D0097B37D /* Array+Identifiable.swift */; };
		39D806A026DB0F730097B37D /* Pie.swift in Sources */ = {isa = PBXBuildFile; fileRef = 39D8069F26DB0F730097B37D /* Pie.swift */; };
		E21BBAA0F1CCC57F2159D049 /* Pods_cs193.framework in Frameworks */ = {isa = PBXBuildFile; fileRef = 6CF08D6EF97B04EFB3BB3CEB /* Pods_cs193.framework */; };
/* End PBXBuildFile section */

/* Begin PBXFileReference section */
		39D8067626D771D20097B37D /* cs193.app */ = {isa = PBXFileReference; explicitFileType = wrapper.application; includeInIndex = 0; path = cs193.app; sourceTree = BUILT_PRODUCTS_DIR; };
		39D8067926D771D20097B37D /* cs193App.swift */ = {isa = PBXFileReference; lastKnownFileType = sourcecode.swift; path = cs193App.swift; sourceTree = "<group>"; };
		39D8067B26D771D20097B37D /* EmojiMemoryGameView.swift */ = {isa = PBXFileReference; lastKnownFileType = sourcecode.swift; path = EmojiMemoryGameView.swift; sourceTree = "<group>"; };
		39D8067D26D771D20097B37D /* Assets.xcassets */ = {isa = PBXFileReference; lastKnownFileType = folder.assetcatalog; path = Assets.xcassets; sourceTree = "<group>"; };
		39D8068026D771D20097B37D /* Preview Assets.xcassets */ = {isa = PBXFileReference; lastKnownFileType = folder.assetcatalog; path = "Preview Assets.xcassets"; sourceTree = "<group>"; };
		39D8068226D771D20097B37D /* Info.plist */ = {isa = PBXFileReference; lastKnownFileType = text.plist.xml; path = Info.plist; sourceTree = "<group>"; };
		39D8068926D784CF0097B37D /* MemoryGame.swift */ = {isa = PBXFileReference; lastKnownFileType = sourcecode.swift; path = MemoryGame.swift; sourceTree = "<group>"; };
		39D8068D26D7866B0097B37D /* EmojiMemoryGame.swift */ = {isa = PBXFileReference; lastKnownFileType = sourcecode.swift; path = EmojiMemoryGame.swift; sourceTree = "<group>"; };
		39D8069526DA52EC0097B37D /* Grid.swift */ = {isa = PBXFileReference; lastKnownFileType = sourcecode.swift; path = Grid.swift; sourceTree = "<group>"; };
		39D8069826DA574D0097B37D /* GridLayout.swift */ = {isa = PBXFileReference; fileEncoding = 4; lastKnownFileType = sourcecode.swift; name = GridLayout.swift; path = ../../../../../Downloads/GridLayout.swift; sourceTree = "<group>"; };
		39D8069B26DA6A3D0097B37D /* Array+Identifiable.swift */ = {isa = PBXFileReference; lastKnownFileType = sourcecode.swift; path = "Array+Identifiable.swift"; sourceTree = "<group>"; };
		39D8069F26DB0F730097B37D /* Pie.swift */ = {isa = PBXFileReference; lastKnownFileType = sourcecode.swift; path = Pie.swift; sourceTree = "<group>"; };
		6CF08D6EF97B04EFB3BB3CEB /* Pods_cs193.framework */ = {isa = PBXFileReference; explicitFileType = wrapper.framework; includeInIndex = 0; path = Pods_cs193.framework; sourceTree = BUILT_PRODUCTS_DIR; };
		879BE6ABA3C351513CCD5AA2 /* Pods-cs193.debug.xcconfig */ = {isa = PBXFileReference; includeInIndex = 1; lastKnownFileType = text.xcconfig; name = "Pods-cs193.debug.xcconfig"; path = "Target Support Files/Pods-cs193/Pods-cs193.debug.xcconfig"; sourceTree = "<group>"; };
		CC32C3976E63676E5FE68506 /* Pods-cs193.release.xcconfig */ = {isa = PBXFileReference; includeInIndex = 1; lastKnownFileType = text.xcconfig; name = "Pods-cs193.release.xcconfig"; path = "Target Support Files/Pods-cs193/Pods-cs193.release.xcconfig"; sourceTree = "<group>"; };
/* End PBXFileReference section */

/* Begin PBXFrameworksBuildPhase section */
		39D8067326D771D20097B37D /* Frameworks */ = {
			isa = PBXFrameworksBuildPhase;
			buildActionMask = 2147483647;
			files = (
				E21BBAA0F1CCC57F2159D049 /* Pods_cs193.framework in Frameworks */,
			);
			runOnlyForDeploymentPostprocessing = 0;
		};
/* End PBXFrameworksBuildPhase section */

/* Begin PBXGroup section */
		39D8066D26D771D20097B37D = {
			isa = PBXGroup;
			children = (
				39D8067826D771D20097B37D /* cs193 */,
				39D8067726D771D20097B37D /* Products */,
				E6BBFBC231B3B62A2F741E16 /* Pods */,
				D53350BF745E8E642BCAE7C2 /* Frameworks */,
			);
			sourceTree = "<group>";
		};
		39D8067726D771D20097B37D /* Products */ = {
			isa = PBXGroup;
			children = (
				39D8067626D771D20097B37D /* cs193.app */,
			);
			name = Products;
			sourceTree = "<group>";
		};
		39D8067826D771D20097B37D /* cs193 */ = {
			isa = PBXGroup;
			children = (
				39D8067926D771D20097B37D /* cs193App.swift */,
				39D8067B26D771D20097B37D /* EmojiMemoryGameView.swift */,
				39D8067D26D771D20097B37D /* Assets.xcassets */,
				39D8068226D771D20097B37D /* Info.plist */,
				39D8067F26D771D20097B37D /* Preview Content */,
				39D8068926D784CF0097B37D /* MemoryGame.swift */,
				39D8069826DA574D0097B37D /* GridLayout.swift */,
				39D8068D26D7866B0097B37D /* EmojiMemoryGame.swift */,
				39D8069B26DA6A3D0097B37D /* Array+Identifiable.swift */,
				39D8069526DA52EC0097B37D /* Grid.swift */,
				39D8069F26DB0F730097B37D /* Pie.swift */,
			);
			path = cs193;
			sourceTree = "<group>";
		};
		39D8067F26D771D20097B37D /* Preview Content */ = {
			isa = PBXGroup;
			children = (
				39D8068026D771D20097B37D /* Preview Assets.xcassets */,
			);
			path = "Preview Content";
			sourceTree = "<group>";
		};
		D53350BF745E8E642BCAE7C2 /* Frameworks */ = {
			isa = PBXGroup;
			children = (
				6CF08D6EF97B04EFB3BB3CEB /* Pods_cs193.framework */,
			);
			name = Frameworks;
			sourceTree = "<group>";
		};
		E6BBFBC231B3B62A2F741E16 /* Pods */ = {
			isa = PBXGroup;
			children = (
				879BE6ABA3C351513CCD5AA2 /* Pods-cs193.debug.xcconfig */,
				CC32C3976E63676E5FE68506 /* Pods-cs193.release.xcconfig */,
			);
			name = Pods;
			path = Pods;
			sourceTree = "<group>";
		};
/* End PBXGroup section */

/* Begin PBXNativeTarget section */
		39D8067526D771D20097B37D /* cs193 */ = {
			isa = PBXNativeTarget;
			buildConfigurationList = 39D8068526D771D20097B37D /* Build configuration list for PBXNativeTarget "cs193" */;
			buildPhases = (
				103BD0D1F7A7535D0D1C75C0 /* [CP] Check Pods Manifest.lock */,
				39D8067226D771D20097B37D /* Sources */,
				39D8067326D771D20097B37D /* Frameworks */,
				39D8067426D771D20097B37D /* Resources */,
				C7F0F0628900777B14748568 /* [CP] Embed Pods Frameworks */,
			);
			buildRules = (
			);
			dependencies = (
			);
			name = cs193;
			productName = cs193;
			productReference = 39D8067626D771D20097B37D /* cs193.app */;
			productType = "com.apple.product-type.application";
		};
/* End PBXNativeTarget section */

/* Begin PBXProject section */
		39D8066E26D771D20097B37D /* Project object */ = {
			isa = PBXProject;
			attributes = {
				LastSwiftUpdateCheck = 1240;
				LastUpgradeCheck = 1240;
				TargetAttributes = {
					39D8067526D771D20097B37D = {
						CreatedOnToolsVersion = 12.4;
					};
				};
			};
			buildConfigurationList = 39D8067126D771D20097B37D /* Build configuration list for PBXProject "cs193" */;
			compatibilityVersion = "Xcode 9.3";
			developmentRegion = en;
			hasScannedForEncodings = 0;
			knownRegions = (
				en,
				Base,
			);
			mainGroup = 39D8066D26D771D20097B37D;
			productRefGroup = 39D8067726D771D20097B37D /* Products */;
			projectDirPath = "";
			projectRoot = "";
			targets = (
				39D8067526D771D20097B37D /* cs193 */,
			);
		};
/* End PBXProject section */

/* Begin PBXResourcesBuildPhase section */
		39D8067426D771D20097B37D /* Resources */ = {
			isa = PBXResourcesBuildPhase;
			buildActionMask = 2147483647;
			files = (
				39D8068126D771D20097B37D /* Preview Assets.xcassets in Resources */,
				39D8067E26D771D20097B37D /* Assets.xcassets in Resources */,
			);
			runOnlyForDeploymentPostprocessing = 0;
		};
/* End PBXResourcesBuildPhase section */

/* Begin PBXShellScriptBuildPhase section */
		103BD0D1F7A7535D0D1C75C0 /* [CP] Check Pods Manifest.lock */ = {
			isa = PBXShellScriptBuildPhase;
			buildActionMask = 2147483647;
			files = (
			);
			inputFileListPaths = (
			);
			inputPaths = (
				"${PODS_PODFILE_DIR_PATH}/Podfile.lock",
				"${PODS_ROOT}/Manifest.lock",
			);
			name = "[CP] Check Pods Manifest.lock";
			outputFileListPaths = (
			);
			outputPaths = (
				"$(DERIVED_FILE_DIR)/Pods-cs193-checkManifestLockResult.txt",
			);
			runOnlyForDeploymentPostprocessing = 0;
			shellPath = /bin/sh;
			shellScript = "diff \"${PODS_PODFILE_DIR_PATH}/Podfile.lock\" \"${PODS_ROOT}/Manifest.lock\" > /dev/null\nif [ $? != 0 ] ; then\n    # print error to STDERR\n    echo \"error: The sandbox is not in sync with the Podfile.lock. Run 'pod install' or update your CocoaPods installation.\" >&2\n    exit 1\nfi\n# This output is used by Xcode 'outputs' to avoid re-running this script phase.\necho \"SUCCESS\" > \"${SCRIPT_OUTPUT_FILE_0}\"\n";
			showEnvVarsInLog = 0;
		};
		C7F0F0628900777B14748568 /* [CP] Embed Pods Frameworks */ = {
			isa = PBXShellScriptBuildPhase;
			buildActionMask = 2147483647;
			files = (
			);
			inputFileListPaths = (
				"${PODS_ROOT}/Target Support Files/Pods-cs193/Pods-cs193-frameworks-${CONFIGURATION}-input-files.xcfilelist",
			);
			name = "[CP] Embed Pods Frameworks";
			outputFileListPaths = (
				"${PODS_ROOT}/Target Support Files/Pods-cs193/Pods-cs193-frameworks-${CONFIGURATION}-output-files.xcfilelist",
			);
			runOnlyForDeploymentPostprocessing = 0;
			shellPath = /bin/sh;
			shellScript = "\"${PODS_ROOT}/Target Support Files/Pods-cs193/Pods-cs193-frameworks.sh\"\n";
			showEnvVarsInLog = 0;
		};
/* End PBXShellScriptBuildPhase section */

/* Begin PBXSourcesBuildPhase section */
		39D8067226D771D20097B37D /* Sources */ = {
			isa = PBXSourcesBuildPhase;
			buildActionMask = 2147483647;
			files = (
				39D8067C26D771D20097B37D /* EmojiMemoryGameView.swift in Sources */,
				39D8067A26D771D20097B37D /* cs193App.swift in Sources */,
				39D806A026DB0F730097B37D /* Pie.swift in Sources */,
				39D8068A26D784CF0097B37D /* MemoryGame.swift in Sources */,
				39D8069926DA574D0097B37D /* GridLayout.swift in Sources */,
				39D8069626DA52EC0097B37D /* Grid.swift in Sources */,
				39D8069C26DA6A3D0097B37D /* Array+Identifiable.swift in Sources */,
				39D8068E26D7866B0097B37D /* EmojiMemoryGame.swift in Sources */,
			);
			runOnlyForDeploymentPostprocessing = 0;
		};
/* End PBXSourcesBuildPhase section */

/* Begin XCBuildConfiguration section */
		39D8068326D771D20097B37D /* Debug */ = {
			isa = XCBuildConfiguration;
			buildSettings = {
				ALWAYS_SEARCH_USER_PATHS = NO;
				CLANG_ANALYZER_NONNULL = YES;
				CLANG_ANALYZER_NUMBER_OBJECT_CONVERSION = YES_AGGRESSIVE;
				CLANG_CXX_LANGUAGE_STANDARD = "gnu++14";
				CLANG_CXX_LIBRARY = "libc++";
				CLANG_ENABLE_MODULES = YES;
				CLANG_ENABLE_OBJC_ARC = YES;
				CLANG_ENABLE_OBJC_WEAK = YES;
				CLANG_WARN_BLOCK_CAPTURE_AUTORELEASING = YES;
				CLANG_WARN_BOOL_CONVERSION = YES;
				CLANG_WARN_COMMA = YES;
				CLANG_WARN_CONSTANT_CONVERSION = YES;
				CLANG_WARN_DEPRECATED_OBJC_IMPLEMENTATIONS = YES;
				CLANG_WARN_DIRECT_OBJC_ISA_USAGE = YES_ERROR;
				CLANG_WARN_DOCUMENTATION_COMMENTS = YES;
				CLANG_WARN_EMPTY_BODY = YES;
				CLANG_WARN_ENUM_CONVERSION = YES;
				CLANG_WARN_INFINITE_RECURSION = YES;
				CLANG_WARN_INT_CONVERSION = YES;
				CLANG_WARN_NON_LITERAL_NULL_CONVERSION = YES;
				CLANG_WARN_OBJC_IMPLICIT_RETAIN_SELF = YES;
				CLANG_WARN_OBJC_LITERAL_CONVERSION = YES;
				CLANG_WARN_OBJC_ROOT_CLASS = YES_ERROR;
				CLANG_WARN_QUOTED_INCLUDE_IN_FRAMEWORK_HEADER = YES;
				CLANG_WARN_RANGE_LOOP_ANALYSIS = YES;
				CLANG_WARN_STRICT_PROTOTYPES = YES;
				CLANG_WARN_SUSPICIOUS_MOVE = YES;
				CLANG_WARN_UNGUARDED_AVAILABILITY = YES_AGGRESSIVE;
				CLANG_WARN_UNREACHABLE_CODE = YES;
				CLANG_WARN__DUPLICATE_METHOD_MATCH = YES;
				COPY_PHASE_STRIP = NO;
				DEBUG_INFORMATION_FORMAT = dwarf;
				ENABLE_STRICT_OBJC_MSGSEND = YES;
				ENABLE_TESTABILITY = YES;
				GCC_C_LANGUAGE_STANDARD = gnu11;
				GCC_DYNAMIC_NO_PIC = NO;
				GCC_NO_COMMON_BLOCKS = YES;
				GCC_OPTIMIZATION_LEVEL = 0;
				GCC_PREPROCESSOR_DEFINITIONS = (
					"DEBUG=1",
					"$(inherited)",
				);
				GCC_WARN_64_TO_32_BIT_CONVERSION = YES;
				GCC_WARN_ABOUT_RETURN_TYPE = YES_ERROR;
				GCC_WARN_UNDECLARED_SELECTOR = YES;
				GCC_WARN_UNINITIALIZED_AUTOS = YES_AGGRESSIVE;
				GCC_WARN_UNUSED_FUNCTION = YES;
				GCC_WARN_UNUSED_VARIABLE = YES;
				IPHONEOS_DEPLOYMENT_TARGET = 14.4;
				MTL_ENABLE_DEBUG_INFO = INCLUDE_SOURCE;
				MTL_FAST_MATH = YES;
				ONLY_ACTIVE_ARCH = YES;
				SDKROOT = iphoneos;
				SWIFT_ACTIVE_COMPILATION_CONDITIONS = DEBUG;
				SWIFT_OPTIMIZATION_LEVEL = "-Onone";
			};
			name = Debug;
		};
		39D8068426D771D20097B37D /* Release */ = {
			isa = XCBuildConfiguration;
			buildSettings = {
				ALWAYS_SEARCH_USER_PATHS = NO;
				CLANG_ANALYZER_NONNULL = YES;
				CLANG_ANALYZER_NUMBER_OBJECT_CONVERSION = YES_AGGRESSIVE;
				CLANG_CXX_LANGUAGE_STANDARD = "gnu++14";
				CLANG_CXX_LIBRARY = "libc++";
				CLANG_ENABLE_MODULES = YES;
				CLANG_ENABLE_OBJC_ARC = YES;
				CLANG_ENABLE_OBJC_WEAK = YES;
				CLANG_WARN_BLOCK_CAPTURE_AUTORELEASING = YES;
				CLANG_WARN_BOOL_CONVERSION = YES;
				CLANG_WARN_COMMA = YES;
				CLANG_WARN_CONSTANT_CONVERSION = YES;
				CLANG_WARN_DEPRECATED_OBJC_IMPLEMENTATIONS = YES;
				CLANG_WARN_DIRECT_OBJC_ISA_USAGE = YES_ERROR;
				CLANG_WARN_DOCUMENTATION_COMMENTS = YES;
				CLANG_WARN_EMPTY_BODY = YES;
				CLANG_WARN_ENUM_CONVERSION = YES;
				CLANG_WARN_INFINITE_RECURSION = YES;
				CLANG_WARN_INT_CONVERSION = YES;
				CLANG_WARN_NON_LITERAL_NULL_CONVERSION = YES;
				CLANG_WARN_OBJC_IMPLICIT_RETAIN_SELF = YES;
				CLANG_WARN_OBJC_LITERAL_CONVERSION = YES;
				CLANG_WARN_OBJC_ROOT_CLASS = YES_ERROR;
				CLANG_WARN_QUOTED_INCLUDE_IN_FRAMEWORK_HEADER = YES;
				CLANG_WARN_RANGE_LOOP_ANALYSIS = YES;
				CLANG_WARN_STRICT_PROTOTYPES = YES;
				CLANG_WARN_SUSPICIOUS_MOVE = YES;
				CLANG_WARN_UNGUARDED_AVAILABILITY = YES_AGGRESSIVE;
				CLANG_WARN_UNREACHABLE_CODE = YES;
				CLANG_WARN__DUPLICATE_METHOD_MATCH = YES;
				COPY_PHASE_STRIP = NO;
				DEBUG_INFORMATION_FORMAT = "dwarf-with-dsym";
				ENABLE_NS_ASSERTIONS = NO;
				ENABLE_STRICT_OBJC_MSGSEND = YES;
				GCC_C_LANGUAGE_STANDARD = gnu11;
				GCC_NO_COMMON_BLOCKS = YES;
				GCC_WARN_64_TO_32_BIT_CONVERSION = YES;
				GCC_WARN_ABOUT_RETURN_TYPE = YES_ERROR;
				GCC_WARN_UNDECLARED_SELECTOR = YES;
				GCC_WARN_UNINITIALIZED_AUTOS = YES_AGGRESSIVE;
				GCC_WARN_UNUSED_FUNCTION = YES;
				GCC_WARN_UNUSED_VARIABLE = YES;
				IPHONEOS_DEPLOYMENT_TARGET = 14.4;
				MTL_ENABLE_DEBUG_INFO = NO;
				MTL_FAST_MATH = YES;
				SDKROOT = iphoneos;
				SWIFT_COMPILATION_MODE = wholemodule;
				SWIFT_OPTIMIZATION_LEVEL = "-O";
				VALIDATE_PRODUCT = YES;
			};
			name = Release;
		};
		39D8068626D771D20097B37D /* Debug */ = {
			isa = XCBuildConfiguration;
			baseConfigurationReference = 879BE6ABA3C351513CCD5AA2 /* Pods-cs193.debug.xcconfig */;
			buildSettings = {
				ASSETCATALOG_COMPILER_APPICON_NAME = AppIcon;
				ASSETCATALOG_COMPILER_GLOBAL_ACCENT_COLOR_NAME = AccentColor;
				CODE_SIGN_STYLE = Automatic;
				DEVELOPMENT_ASSET_PATHS = "\"cs193/Preview Content\"";
				DEVELOPMENT_TEAM = ZC299K3YP8;
				ENABLE_PREVIEWS = YES;
				INFOPLIST_FILE = cs193/Info.plist;
				IPHONEOS_DEPLOYMENT_TARGET = 14.0;
				LD_RUNPATH_SEARCH_PATHS = (
					"$(inherited)",
					"@executable_path/Frameworks",
				);
				PRODUCT_BUNDLE_IDENTIFIER = hardfist.cs193;
				PRODUCT_NAME = "$(TARGET_NAME)";
				SWIFT_VERSION = 5.0;
				TARGETED_DEVICE_FAMILY = "1,2";
			};
			name = Debug;
		};
		39D8068726D771D20097B37D /* Release */ = {
			isa = XCBuildConfiguration;
			baseConfigurationReference = CC32C3976E63676E5FE68506 /* Pods-cs193.release.xcconfig */;
			buildSettings = {
				ASSETCATALOG_COMPILER_APPICON_NAME = AppIcon;
				ASSETCATALOG_COMPILER_GLOBAL_ACCENT_COLOR_NAME = AccentColor;
				CODE_SIGN_STYLE = Automatic;
				DEVELOPMENT_ASSET_PATHS = "\"cs193/Preview Content\"";
				DEVELOPMENT_TEAM = ZC299K3YP8;
				ENABLE_PREVIEWS = YES;
				INFOPLIST_FILE = cs193/Info.plist;
				IPHONEOS_DEPLOYMENT_TARGET = 14.0;
				LD_RUNPATH_SEARCH_PATHS = (
					"$(inherited)",
					"@executable_path/Frameworks",
				);
				PRODUCT_BUNDLE_IDENTIFIER = hardfist.cs193;
				PRODUCT_NAME = "$(TARGET_NAME)";
				SWIFT_VERSION = 5.0;
				TARGETED_DEVICE_FAMILY = "1,2";
			};
			name = Release;
		};
/* End XCBuildConfiguration section */

/* Begin XCConfigurationList section */
		39D8067126D771D20097B37D /* Build configuration list for PBXProject "cs193" */ = {
			isa = XCConfigurationList;
			buildConfigurations = (
				39D8068326D771D20097B37D /* Debug */,
				39D8068426D771D20097B37D /* Release */,
			);
			defaultConfigurationIsVisible = 0;
			defaultConfigurationName = Release;
		};
		39D8068526D771D20097B37D /* Build configuration list for PBXNativeTarget "cs193" */ = {
			isa = XCConfigurationList;
			buildConfigurations = (
				39D8068626D771D20097B37D /* Debug */,
				39D8068726D771D20097B37D /* Release */,
			);
			defaultConfigurationIsVisible = 0;
			defaultConfigurationName = Release;
		};
/* End XCConfigurationList section */
	};
	rootObject = 39D8066E26D771D20097B37D /* Project object */;
}
